// !$*UTF8*$!
{
	archiveVersion = 1;
	classes = {
	};
	objectVersion = 56;
	objects = {

/* Begin PBXBuildFile section */
		13E2EB562BC3737E0024DFD6 /* CocktailsApp.swift in Sources */ = {isa = PBXBuildFile; fileRef = 13E2EB552BC3737E0024DFD6 /* CocktailsApp.swift */; };
		13E2EB582BC3737E0024DFD6 /* ContentView.swift in Sources */ = {isa = PBXBuildFile; fileRef = 13E2EB572BC3737E0024DFD6 /* ContentView.swift */; };
		13E2EB5A2BC3737F0024DFD6 /* Assets.xcassets in Resources */ = {isa = PBXBuildFile; fileRef = 13E2EB592BC3737F0024DFD6 /* Assets.xcassets */; };
		13E2EB5D2BC3737F0024DFD6 /* Preview Assets.xcassets in Resources */ = {isa = PBXBuildFile; fileRef = 13E2EB5C2BC3737F0024DFD6 /* Preview Assets.xcassets */; };
		13E2EB692BC374380024DFD6 /* Drinks.swift in Sources */ = {isa = PBXBuildFile; fileRef = 13E2EB682BC374380024DFD6 /* Drinks.swift */; };
		13E2EB6B2BC374B70024DFD6 /* NetworkManager.swift in Sources */ = {isa = PBXBuildFile; fileRef = 13E2EB6A2BC374B70024DFD6 /* NetworkManager.swift */; };
		13E878842BC78FC100FA5E78 /* AlcoholicDrinksViewModel.swift in Sources */ = {isa = PBXBuildFile; fileRef = 13E878832BC78FC100FA5E78 /* AlcoholicDrinksViewModel.swift */; };
		13E878882BC881F500FA5E78 /* AlcoholicDrinksView.swift in Sources */ = {isa = PBXBuildFile; fileRef = 13E878872BC881F500FA5E78 /* AlcoholicDrinksView.swift */; };
		13E8788C2BC88F5F00FA5E78 /* NonAlcoholicDrinksViewModel.swift in Sources */ = {isa = PBXBuildFile; fileRef = 13E8788B2BC88F5F00FA5E78 /* NonAlcoholicDrinksViewModel.swift */; };
		13E8788E2BC8901200FA5E78 /* NonAlcoholicDrinksView.swift in Sources */ = {isa = PBXBuildFile; fileRef = 13E8788D2BC8901200FA5E78 /* NonAlcoholicDrinksView.swift */; };
		13E878902BC896A100FA5E78 /* SplashScreenView.swift in Sources */ = {isa = PBXBuildFile; fileRef = 13E8788F2BC896A100FA5E78 /* SplashScreenView.swift */; };
		13E878932BC8993A00FA5E78 /* SearchBarView.swift in Sources */ = {isa = PBXBuildFile; fileRef = 13E878922BC8993A00FA5E78 /* SearchBarView.swift */; };
/* End PBXBuildFile section */

/* Begin PBXFileReference section */
		13E2EB522BC3737E0024DFD6 /* Cocktails.app */ = {isa = PBXFileReference; explicitFileType = wrapper.application; includeInIndex = 0; path = Cocktails.app; sourceTree = BUILT_PRODUCTS_DIR; };
		13E2EB552BC3737E0024DFD6 /* CocktailsApp.swift */ = {isa = PBXFileReference; lastKnownFileType = sourcecode.swift; path = CocktailsApp.swift; sourceTree = "<group>"; };
		13E2EB572BC3737E0024DFD6 /* ContentView.swift */ = {isa = PBXFileReference; lastKnownFileType = sourcecode.swift; path = ContentView.swift; sourceTree = "<group>"; };
		13E2EB592BC3737F0024DFD6 /* Assets.xcassets */ = {isa = PBXFileReference; lastKnownFileType = folder.assetcatalog; path = Assets.xcassets; sourceTree = "<group>"; };
		13E2EB5C2BC3737F0024DFD6 /* Preview Assets.xcassets */ = {isa = PBXFileReference; lastKnownFileType = folder.assetcatalog; path = "Preview Assets.xcassets"; sourceTree = "<group>"; };
		13E2EB682BC374380024DFD6 /* Drinks.swift */ = {isa = PBXFileReference; lastKnownFileType = sourcecode.swift; path = Drinks.swift; sourceTree = "<group>"; };
		13E2EB6A2BC374B70024DFD6 /* NetworkManager.swift */ = {isa = PBXFileReference; lastKnownFileType = sourcecode.swift; path = NetworkManager.swift; sourceTree = "<group>"; };
		13E878832BC78FC100FA5E78 /* AlcoholicDrinksViewModel.swift */ = {isa = PBXFileReference; lastKnownFileType = sourcecode.swift; path = AlcoholicDrinksViewModel.swift; sourceTree = "<group>"; };
		13E878872BC881F500FA5E78 /* AlcoholicDrinksView.swift */ = {isa = PBXFileReference; lastKnownFileType = sourcecode.swift; path = AlcoholicDrinksView.swift; sourceTree = "<group>"; };
		13E8788B2BC88F5F00FA5E78 /* NonAlcoholicDrinksViewModel.swift */ = {isa = PBXFileReference; lastKnownFileType = sourcecode.swift; path = NonAlcoholicDrinksViewModel.swift; sourceTree = "<group>"; };
		13E8788D2BC8901200FA5E78 /* NonAlcoholicDrinksView.swift */ = {isa = PBXFileReference; lastKnownFileType = sourcecode.swift; path = NonAlcoholicDrinksView.swift; sourceTree = "<group>"; };
		13E8788F2BC896A100FA5E78 /* SplashScreenView.swift */ = {isa = PBXFileReference; lastKnownFileType = sourcecode.swift; path = SplashScreenView.swift; sourceTree = "<group>"; };
		13E878922BC8993A00FA5E78 /* SearchBarView.swift */ = {isa = PBXFileReference; lastKnownFileType = sourcecode.swift; path = SearchBarView.swift; sourceTree = "<group>"; };
/* End PBXFileReference section */

/* Begin PBXFrameworksBuildPhase section */
		13E2EB4F2BC3737E0024DFD6 /* Frameworks */ = {
			isa = PBXFrameworksBuildPhase;
			buildActionMask = 2147483647;
			files = (
			);
			runOnlyForDeploymentPostprocessing = 0;
		};
/* End PBXFrameworksBuildPhase section */

/* Begin PBXGroup section */
		13E2EB492BC3737E0024DFD6 = {
			isa = PBXGroup;
			children = (
				13E2EB542BC3737E0024DFD6 /* Cocktails */,
				13E2EB532BC3737E0024DFD6 /* Products */,
			);
			sourceTree = "<group>";
		};
		13E2EB532BC3737E0024DFD6 /* Products */ = {
			isa = PBXGroup;
			children = (
				13E2EB522BC3737E0024DFD6 /* Cocktails.app */,
			);
			name = Products;
			sourceTree = "<group>";
		};
		13E2EB542BC3737E0024DFD6 /* Cocktails */ = {
			isa = PBXGroup;
			children = (
				13E2EB672BC374040024DFD6 /* Model */,
				13E2EB662BC373FC0024DFD6 /* View */,
				13E2EB652BC373F20024DFD6 /* ViewModel */,
				13E2EB642BC373E40024DFD6 /* Network */,
				13E878912BC8990800FA5E78 /* Components */,
				13E2EB632BC373DA0024DFD6 /* Support */,
				13E2EB5B2BC3737F0024DFD6 /* Preview Content */,
			);
			path = Cocktails;
			sourceTree = "<group>";
		};
		13E2EB5B2BC3737F0024DFD6 /* Preview Content */ = {
			isa = PBXGroup;
			children = (
				13E2EB5C2BC3737F0024DFD6 /* Preview Assets.xcassets */,
			);
			path = "Preview Content";
			sourceTree = "<group>";
		};
		13E2EB632BC373DA0024DFD6 /* Support */ = {
			isa = PBXGroup;
			children = (
				13E2EB552BC3737E0024DFD6 /* CocktailsApp.swift */,
				13E2EB592BC3737F0024DFD6 /* Assets.xcassets */,
			);
			path = Support;
			sourceTree = "<group>";
		};
		13E2EB642BC373E40024DFD6 /* Network */ = {
			isa = PBXGroup;
			children = (
				13E2EB6A2BC374B70024DFD6 /* NetworkManager.swift */,
			);
			path = Network;
			sourceTree = "<group>";
		};
		13E2EB652BC373F20024DFD6 /* ViewModel */ = {
			isa = PBXGroup;
			children = (
				13E878832BC78FC100FA5E78 /* AlcoholicDrinksViewModel.swift */,
				13E8788B2BC88F5F00FA5E78 /* NonAlcoholicDrinksViewModel.swift */,
			);
			path = ViewModel;
			sourceTree = "<group>";
		};
		13E2EB662BC373FC0024DFD6 /* View */ = {
			isa = PBXGroup;
			children = (
				13E2EB572BC3737E0024DFD6 /* ContentView.swift */,
				13E878872BC881F500FA5E78 /* AlcoholicDrinksView.swift */,
				13E8788D2BC8901200FA5E78 /* NonAlcoholicDrinksView.swift */,
				13E8788F2BC896A100FA5E78 /* SplashScreenView.swift */,
			);
			path = View;
			sourceTree = "<group>";
		};
		13E2EB672BC374040024DFD6 /* Model */ = {
			isa = PBXGroup;
			children = (
				13E2EB682BC374380024DFD6 /* Drinks.swift */,
			);
			path = Model;
			sourceTree = "<group>";
		};
		13E878912BC8990800FA5E78 /* Components */ = {
			isa = PBXGroup;
			children = (
				13E878922BC8993A00FA5E78 /* SearchBarView.swift */,
			);
			path = Components;
			sourceTree = "<group>";
		};
/* End PBXGroup section */

/* Begin PBXNativeTarget section */
		13E2EB512BC3737E0024DFD6 /* Cocktails */ = {
			isa = PBXNativeTarget;
			buildConfigurationList = 13E2EB602BC3737F0024DFD6 /* Build configuration list for PBXNativeTarget "Cocktails" */;
			buildPhases = (
				13E2EB4E2BC3737E0024DFD6 /* Sources */,
				13E2EB4F2BC3737E0024DFD6 /* Frameworks */,
				13E2EB502BC3737E0024DFD6 /* Resources */,
			);
			buildRules = (
			);
			dependencies = (
			);
			name = Cocktails;
			productName = Cocktails;
			productReference = 13E2EB522BC3737E0024DFD6 /* Cocktails.app */;
			productType = "com.apple.product-type.application";
		};
/* End PBXNativeTarget section */

/* Begin PBXProject section */
		13E2EB4A2BC3737E0024DFD6 /* Project object */ = {
			isa = PBXProject;
			attributes = {
				BuildIndependentTargetsInParallel = 1;
				LastSwiftUpdateCheck = 1420;
				LastUpgradeCheck = 1420;
				TargetAttributes = {
					13E2EB512BC3737E0024DFD6 = {
						CreatedOnToolsVersion = 14.2;
					};
				};
			};
			buildConfigurationList = 13E2EB4D2BC3737E0024DFD6 /* Build configuration list for PBXProject "Cocktails" */;
			compatibilityVersion = "Xcode 14.0";
			developmentRegion = en;
			hasScannedForEncodings = 0;
			knownRegions = (
				en,
				Base,
			);
			mainGroup = 13E2EB492BC3737E0024DFD6;
			productRefGroup = 13E2EB532BC3737E0024DFD6 /* Products */;
			projectDirPath = "";
			projectRoot = "";
			targets = (
				13E2EB512BC3737E0024DFD6 /* Cocktails */,
			);
		};
/* End PBXProject section */

/* Begin PBXResourcesBuildPhase section */
		13E2EB502BC3737E0024DFD6 /* Resources */ = {
			isa = PBXResourcesBuildPhase;
			buildActionMask = 2147483647;
			files = (
				13E2EB5D2BC3737F0024DFD6 /* Preview Assets.xcassets in Resources */,
				13E2EB5A2BC3737F0024DFD6 /* Assets.xcassets in Resources */,
			);
			runOnlyForDeploymentPostprocessing = 0;
		};
/* End PBXResourcesBuildPhase section */

/* Begin PBXSourcesBuildPhase section */
		13E2EB4E2BC3737E0024DFD6 /* Sources */ = {
			isa = PBXSourcesBuildPhase;
			buildActionMask = 2147483647;
			files = (
				13E878932BC8993A00FA5E78 /* SearchBarView.swift in Sources */,
				13E2EB6B2BC374B70024DFD6 /* NetworkManager.swift in Sources */,
				13E2EB692BC374380024DFD6 /* Drinks.swift in Sources */,
				13E878902BC896A100FA5E78 /* SplashScreenView.swift in Sources */,
				13E2EB582BC3737E0024DFD6 /* ContentView.swift in Sources */,
				13E8788C2BC88F5F00FA5E78 /* NonAlcoholicDrinksViewModel.swift in Sources */,
				13E2EB562BC3737E0024DFD6 /* CocktailsApp.swift in Sources */,
				13E878882BC881F500FA5E78 /* AlcoholicDrinksView.swift in Sources */,
				13E8788E2BC8901200FA5E78 /* NonAlcoholicDrinksView.swift in Sources */,
				13E878842BC78FC100FA5E78 /* AlcoholicDrinksViewModel.swift in Sources */,
			);
			runOnlyForDeploymentPostprocessing = 0;
		};
/* End PBXSourcesBuildPhase section */

/* Begin XCBuildConfiguration section */
		13E2EB5E2BC3737F0024DFD6 /* Debug */ = {
			isa = XCBuildConfiguration;
			buildSettings = {
				ALWAYS_SEARCH_USER_PATHS = NO;
				CLANG_ANALYZER_NONNULL = YES;
				CLANG_ANALYZER_NUMBER_OBJECT_CONVERSION = YES_AGGRESSIVE;
				CLANG_CXX_LANGUAGE_STANDARD = "gnu++20";
				CLANG_ENABLE_MODULES = YES;
				CLANG_ENABLE_OBJC_ARC = YES;
				CLANG_ENABLE_OBJC_WEAK = YES;
				CLANG_WARN_BLOCK_CAPTURE_AUTORELEASING = YES;
				CLANG_WARN_BOOL_CONVERSION = YES;
				CLANG_WARN_COMMA = YES;
				CLANG_WARN_CONSTANT_CONVERSION = YES;
				CLANG_WARN_DEPRECATED_OBJC_IMPLEMENTATIONS = YES;
				CLANG_WARN_DIRECT_OBJC_ISA_USAGE = YES_ERROR;
				CLANG_WARN_DOCUMENTATION_COMMENTS = YES;
				CLANG_WARN_EMPTY_BODY = YES;
				CLANG_WARN_ENUM_CONVERSION = YES;
				CLANG_WARN_INFINITE_RECURSION = YES;
				CLANG_WARN_INT_CONVERSION = YES;
				CLANG_WARN_NON_LITERAL_NULL_CONVERSION = YES;
				CLANG_WARN_OBJC_IMPLICIT_RETAIN_SELF = YES;
				CLANG_WARN_OBJC_LITERAL_CONVERSION = YES;
				CLANG_WARN_OBJC_ROOT_CLASS = YES_ERROR;
				CLANG_WARN_QUOTED_INCLUDE_IN_FRAMEWORK_HEADER = YES;
				CLANG_WARN_RANGE_LOOP_ANALYSIS = YES;
				CLANG_WARN_STRICT_PROTOTYPES = YES;
				CLANG_WARN_SUSPICIOUS_MOVE = YES;
				CLANG_WARN_UNGUARDED_AVAILABILITY = YES_AGGRESSIVE;
				CLANG_WARN_UNREACHABLE_CODE = YES;
				CLANG_WARN__DUPLICATE_METHOD_MATCH = YES;
				COPY_PHASE_STRIP = NO;
				DEBUG_INFORMATION_FORMAT = dwarf;
				ENABLE_STRICT_OBJC_MSGSEND = YES;
				ENABLE_TESTABILITY = YES;
				GCC_C_LANGUAGE_STANDARD = gnu11;
				GCC_DYNAMIC_NO_PIC = NO;
				GCC_NO_COMMON_BLOCKS = YES;
				GCC_OPTIMIZATION_LEVEL = 0;
				GCC_PREPROCESSOR_DEFINITIONS = (
					"DEBUG=1",
					"$(inherited)",
				);
				GCC_WARN_64_TO_32_BIT_CONVERSION = YES;
				GCC_WARN_ABOUT_RETURN_TYPE = YES_ERROR;
				GCC_WARN_UNDECLARED_SELECTOR = YES;
				GCC_WARN_UNINITIALIZED_AUTOS = YES_AGGRESSIVE;
				GCC_WARN_UNUSED_FUNCTION = YES;
				GCC_WARN_UNUSED_VARIABLE = YES;
				IPHONEOS_DEPLOYMENT_TARGET = 16.2;
				MTL_ENABLE_DEBUG_INFO = INCLUDE_SOURCE;
				MTL_FAST_MATH = YES;
				ONLY_ACTIVE_ARCH = YES;
				SDKROOT = iphoneos;
				SWIFT_ACTIVE_COMPILATION_CONDITIONS = DEBUG;
				SWIFT_OPTIMIZATION_LEVEL = "-Onone";
			};
			name = Debug;
		};
		13E2EB5F2BC3737F0024DFD6 /* Release */ = {
			isa = XCBuildConfiguration;
			buildSettings = {
				ALWAYS_SEARCH_USER_PATHS = NO;
				CLANG_ANALYZER_NONNULL = YES;
				CLANG_ANALYZER_NUMBER_OBJECT_CONVERSION = YES_AGGRESSIVE;
				CLANG_CXX_LANGUAGE_STANDARD = "gnu++20";
				CLANG_ENABLE_MODULES = YES;
				CLANG_ENABLE_OBJC_ARC = YES;
				CLANG_ENABLE_OBJC_WEAK = YES;
				CLANG_WARN_BLOCK_CAPTURE_AUTORELEASING = YES;
				CLANG_WARN_BOOL_CONVERSION = YES;
				CLANG_WARN_COMMA = YES;
				CLANG_WARN_CONSTANT_CONVERSION = YES;
				CLANG_WARN_DEPRECATED_OBJC_IMPLEMENTATIONS = YES;
				CLANG_WARN_DIRECT_OBJC_ISA_USAGE = YES_ERROR;
				CLANG_WARN_DOCUMENTATION_COMMENTS = YES;
				CLANG_WARN_EMPTY_BODY = YES;
				CLANG_WARN_ENUM_CONVERSION = YES;
				CLANG_WARN_INFINITE_RECURSION = YES;
				CLANG_WARN_INT_CONVERSION = YES;
				CLANG_WARN_NON_LITERAL_NULL_CONVERSION = YES;
				CLANG_WARN_OBJC_IMPLICIT_RETAIN_SELF = YES;
				CLANG_WARN_OBJC_LITERAL_CONVERSION = YES;
				CLANG_WARN_OBJC_ROOT_CLASS = YES_ERROR;
				CLANG_WARN_QUOTED_INCLUDE_IN_FRAMEWORK_HEADER = YES;
				CLANG_WARN_RANGE_LOOP_ANALYSIS = YES;
				CLANG_WARN_STRICT_PROTOTYPES = YES;
				CLANG_WARN_SUSPICIOUS_MOVE = YES;
				CLANG_WARN_UNGUARDED_AVAILABILITY = YES_AGGRESSIVE;
				CLANG_WARN_UNREACHABLE_CODE = YES;
				CLANG_WARN__DUPLICATE_METHOD_MATCH = YES;
				COPY_PHASE_STRIP = NO;
				DEBUG_INFORMATION_FORMAT = "dwarf-with-dsym";
				ENABLE_NS_ASSERTIONS = NO;
				ENABLE_STRICT_OBJC_MSGSEND = YES;
				GCC_C_LANGUAGE_STANDARD = gnu11;
				GCC_NO_COMMON_BLOCKS = YES;
				GCC_WARN_64_TO_32_BIT_CONVERSION = YES;
				GCC_WARN_ABOUT_RETURN_TYPE = YES_ERROR;
				GCC_WARN_UNDECLARED_SELECTOR = YES;
				GCC_WARN_UNINITIALIZED_AUTOS = YES_AGGRESSIVE;
				GCC_WARN_UNUSED_FUNCTION = YES;
				GCC_WARN_UNUSED_VARIABLE = YES;
				IPHONEOS_DEPLOYMENT_TARGET = 16.2;
				MTL_ENABLE_DEBUG_INFO = NO;
				MTL_FAST_MATH = YES;
				SDKROOT = iphoneos;
				SWIFT_COMPILATION_MODE = wholemodule;
				SWIFT_OPTIMIZATION_LEVEL = "-O";
				VALIDATE_PRODUCT = YES;
			};
			name = Release;
		};
		13E2EB612BC3737F0024DFD6 /* Debug */ = {
			isa = XCBuildConfiguration;
			buildSettings = {
				ASSETCATALOG_COMPILER_APPICON_NAME = AppIcon;
				ASSETCATALOG_COMPILER_GLOBAL_ACCENT_COLOR_NAME = AccentColor;
				CODE_SIGN_STYLE = Automatic;
				CURRENT_PROJECT_VERSION = 1;
				DEVELOPMENT_ASSET_PATHS = "\"Cocktails/Preview Content\"";
				DEVELOPMENT_TEAM = T94Y3NV5X8;
				ENABLE_PREVIEWS = YES;
				GENERATE_INFOPLIST_FILE = YES;
				INFOPLIST_KEY_UIApplicationSceneManifest_Generation = YES;
				INFOPLIST_KEY_UIApplicationSupportsIndirectInputEvents = YES;
				INFOPLIST_KEY_UILaunchScreen_Generation = YES;
				INFOPLIST_KEY_UISupportedInterfaceOrientations_iPad = "UIInterfaceOrientationPortrait UIInterfaceOrientationPortraitUpsideDown UIInterfaceOrientationLandscapeLeft UIInterfaceOrientationLandscapeRight";
				INFOPLIST_KEY_UISupportedInterfaceOrientations_iPhone = "UIInterfaceOrientationPortrait UIInterfaceOrientationLandscapeLeft UIInterfaceOrientationLandscapeRight";
				LD_RUNPATH_SEARCH_PATHS = (
					"$(inherited)",
					"@executable_path/Frameworks",
				);
				MARKETING_VERSION = 1.0;
				PRODUCT_BUNDLE_IDENTIFIER = AceEzra.Cocktails;
				PRODUCT_NAME = "$(TARGET_NAME)";
				SWIFT_EMIT_LOC_STRINGS = YES;
				SWIFT_VERSION = 5.0;
				TARGETED_DEVICE_FAMILY = "1,2";
			};
			name = Debug;
		};
		13E2EB622BC3737F0024DFD6 /* Release */ = {
			isa = XCBuildConfiguration;
			buildSettings = {
				ASSETCATALOG_COMPILER_APPICON_NAME = AppIcon;
				ASSETCATALOG_COMPILER_GLOBAL_ACCENT_COLOR_NAME = AccentColor;
				CODE_SIGN_STYLE = Automatic;
				CURRENT_PROJECT_VERSION = 1;
				DEVELOPMENT_ASSET_PATHS = "\"Cocktails/Preview Content\"";
				DEVELOPMENT_TEAM = T94Y3NV5X8;
				ENABLE_PREVIEWS = YES;
				GENERATE_INFOPLIST_FILE = YES;
				INFOPLIST_KEY_UIApplicationSceneManifest_Generation = YES;
				INFOPLIST_KEY_UIApplicationSupportsIndirectInputEvents = YES;
				INFOPLIST_KEY_UILaunchScreen_Generation = YES;
				INFOPLIST_KEY_UISupportedInterfaceOrientations_iPad = "UIInterfaceOrientationPortrait UIInterfaceOrientationPortraitUpsideDown UIInterfaceOrientationLandscapeLeft UIInterfaceOrientationLandscapeRight";
				INFOPLIST_KEY_UISupportedInterfaceOrientations_iPhone = "UIInterfaceOrientationPortrait UIInterfaceOrientationLandscapeLeft UIInterfaceOrientationLandscapeRight";
				LD_RUNPATH_SEARCH_PATHS = (
					"$(inherited)",
					"@executable_path/Frameworks",
				);
				MARKETING_VERSION = 1.0;
				PRODUCT_BUNDLE_IDENTIFIER = AceEzra.Cocktails;
				PRODUCT_NAME = "$(TARGET_NAME)";
				SWIFT_EMIT_LOC_STRINGS = YES;
				SWIFT_VERSION = 5.0;
				TARGETED_DEVICE_FAMILY = "1,2";
			};
			name = Release;
		};
/* End XCBuildConfiguration section */

/* Begin XCConfigurationList section */
		13E2EB4D2BC3737E0024DFD6 /* Build configuration list for PBXProject "Cocktails" */ = {
			isa = XCConfigurationList;
			buildConfigurations = (
				13E2EB5E2BC3737F0024DFD6 /* Debug */,
				13E2EB5F2BC3737F0024DFD6 /* Release */,
			);
			defaultConfigurationIsVisible = 0;
			defaultConfigurationName = Release;
		};
		13E2EB602BC3737F0024DFD6 /* Build configuration list for PBXNativeTarget "Cocktails" */ = {
			isa = XCConfigurationList;
			buildConfigurations = (
				13E2EB612BC3737F0024DFD6 /* Debug */,
				13E2EB622BC3737F0024DFD6 /* Release */,
			);
			defaultConfigurationIsVisible = 0;
			defaultConfigurationName = Release;
		};
/* End XCConfigurationList section */
	};
	rootObject = 13E2EB4A2BC3737E0024DFD6 /* Project object */;
}
